// !$*UTF8*$!
{
	archiveVersion = 1;
	classes = {
	};
	objectVersion = 46;
	objects = {

/* Begin PBXBuildFile section */
		134518711CC7247100EB8587 /* XMGRecommendViewController.m in Sources */ = {isa = PBXBuildFile; fileRef = 1345186F1CC7247100EB8587 /* XMGRecommendViewController.m */; settings = {ASSET_TAGS = (); }; };
		134518721CC7247100EB8587 /* XMGRecommendViewController.xib in Resources */ = {isa = PBXBuildFile; fileRef = 134518701CC7247100EB8587 /* XMGRecommendViewController.xib */; settings = {ASSET_TAGS = (); }; };
		135A2B371CBE8AD600FDA8BD /* main.m in Sources */ = {isa = PBXBuildFile; fileRef = 135A2B361CBE8AD600FDA8BD /* main.m */; };
		135A2B3A1CBE8AD600FDA8BD /* AppDelegate.m in Sources */ = {isa = PBXBuildFile; fileRef = 135A2B391CBE8AD600FDA8BD /* AppDelegate.m */; };
		135A2B421CBE8AD600FDA8BD /* Images.xcassets in Resources */ = {isa = PBXBuildFile; fileRef = 135A2B411CBE8AD600FDA8BD /* Images.xcassets */; };
		135A2B511CBE8AD700FDA8BD /* XMGProjectTests.m in Sources */ = {isa = PBXBuildFile; fileRef = 135A2B501CBE8AD700FDA8BD /* XMGProjectTests.m */; };
		135AD0211CD9B183001B70E6 /* XMGGuideView.m in Sources */ = {isa = PBXBuildFile; fileRef = 135AD0201CD9B183001B70E6 /* XMGGuideView.m */; settings = {ASSET_TAGS = (); }; };
		135AD0231CD9B19D001B70E6 /* XMGGuideView.xib in Resources */ = {isa = PBXBuildFile; fileRef = 135AD0221CD9B19D001B70E6 /* XMGGuideView.xib */; settings = {ASSET_TAGS = (); }; };
		135AF2B91CC77BC1009D0476 /* XMGRecommendCategoryCell.m in Sources */ = {isa = PBXBuildFile; fileRef = 135AF2B71CC77BC1009D0476 /* XMGRecommendCategoryCell.m */; settings = {ASSET_TAGS = (); }; };
		135AF2BA1CC77BC1009D0476 /* XMGRecommendCategoryCell.xib in Resources */ = {isa = PBXBuildFile; fileRef = 135AF2B81CC77BC1009D0476 /* XMGRecommendCategoryCell.xib */; settings = {ASSET_TAGS = (); }; };
		137A91151CC60D140003FB29 /* XMGEssenceViewController.m in Sources */ = {isa = PBXBuildFile; fileRef = 137A90EB1CC60D140003FB29 /* XMGEssenceViewController.m */; settings = {ASSET_TAGS = (); }; };
		137A91161CC60D140003FB29 /* XMGFriendTrendsViewController.m in Sources */ = {isa = PBXBuildFile; fileRef = 137A90F11CC60D140003FB29 /* XMGFriendTrendsViewController.m */; settings = {ASSET_TAGS = (); }; };
		137A91171CC60D140003FB29 /* XMGNewViewController.m in Sources */ = {isa = PBXBuildFile; fileRef = 137A90F71CC60D140003FB29 /* XMGNewViewController.m */; settings = {ASSET_TAGS = (); }; };
		137A91181CC60D140003FB29 /* XMGMeViewController.m in Sources */ = {isa = PBXBuildFile; fileRef = 137A90FD1CC60D140003FB29 /* XMGMeViewController.m */; settings = {ASSET_TAGS = (); }; };
		137A91191CC60D140003FB29 /* UIBarButtonItem+XMGButtonItemTool.m in Sources */ = {isa = PBXBuildFile; fileRef = 137A91071CC60D140003FB29 /* UIBarButtonItem+XMGButtonItemTool.m */; settings = {ASSET_TAGS = (); }; };
		137A911A1CC60D140003FB29 /* UIView+XMGExtension.m in Sources */ = {isa = PBXBuildFile; fileRef = 137A91091CC60D140003FB29 /* UIView+XMGExtension.m */; settings = {ASSET_TAGS = (); }; };
		137A911B1CC60D140003FB29 /* XMGNavigationController.m in Sources */ = {isa = PBXBuildFile; fileRef = 137A910B1CC60D140003FB29 /* XMGNavigationController.m */; settings = {ASSET_TAGS = (); }; };
		137A911C1CC60D140003FB29 /* XMGTabBar.m in Sources */ = {isa = PBXBuildFile; fileRef = 137A910D1CC60D140003FB29 /* XMGTabBar.m */; settings = {ASSET_TAGS = (); }; };
		137A911D1CC60D140003FB29 /* XMGTabBarController.m in Sources */ = {isa = PBXBuildFile; fileRef = 137A910F1CC60D140003FB29 /* XMGTabBarController.m */; settings = {ASSET_TAGS = (); }; };
		137A912A1CC610960003FB29 /* XMGFriendTrendsViewController.xib in Resources */ = {isa = PBXBuildFile; fileRef = 137A91291CC610960003FB29 /* XMGFriendTrendsViewController.xib */; settings = {ASSET_TAGS = (); }; };
		137A912C1CC61EC10003FB29 /* XMGMeViewController.xib in Resources */ = {isa = PBXBuildFile; fileRef = 137A912B1CC61EC10003FB29 /* XMGMeViewController.xib */; settings = {ASSET_TAGS = (); }; };
		13880F441CC72E95002131AD /* Foundation+Log.m in Sources */ = {isa = PBXBuildFile; fileRef = 13880F431CC72E95002131AD /* Foundation+Log.m */; settings = {ASSET_TAGS = (); }; };
		13880F471CC767F2002131AD /* XMGRecommondCategoryModel.m in Sources */ = {isa = PBXBuildFile; fileRef = 13880F461CC767F2002131AD /* XMGRecommondCategoryModel.m */; settings = {ASSET_TAGS = (); }; };
		13926B4F1CC8896600B2BA0B /* XMGRecommondUserModel.m in Sources */ = {isa = PBXBuildFile; fileRef = 13926B4E1CC8896600B2BA0B /* XMGRecommondUserModel.m */; settings = {ASSET_TAGS = (); }; };
		13926B531CC889F100B2BA0B /* XMGRecommondUserCell.m in Sources */ = {isa = PBXBuildFile; fileRef = 13926B511CC889F100B2BA0B /* XMGRecommondUserCell.m */; settings = {ASSET_TAGS = (); }; };
		13926B541CC889F100B2BA0B /* XMGRecommondUserCell.xib in Resources */ = {isa = PBXBuildFile; fileRef = 13926B521CC889F100B2BA0B /* XMGRecommondUserCell.xib */; settings = {ASSET_TAGS = (); }; };
		13BA41131CCB2DA6008EF7C9 /* XMGRecommendAttentionTableViewController.m in Sources */ = {isa = PBXBuildFile; fileRef = 13BA41121CCB2DA6008EF7C9 /* XMGRecommendAttentionTableViewController.m */; settings = {ASSET_TAGS = (); }; };
		13BA41161CCB3036008EF7C9 /* XMGRecommendAttentionModel.m in Sources */ = {isa = PBXBuildFile; fileRef = 13BA41151CCB3036008EF7C9 /* XMGRecommendAttentionModel.m */; settings = {ASSET_TAGS = (); }; };
		13BA411D1CCB30DD008EF7C9 /* XMGRecommendAttentionCell.m in Sources */ = {isa = PBXBuildFile; fileRef = 13BA411B1CCB30DD008EF7C9 /* XMGRecommendAttentionCell.m */; settings = {ASSET_TAGS = (); }; };
		13BA411E1CCB30DD008EF7C9 /* XMGRecommendAttentionCell.xib in Resources */ = {isa = PBXBuildFile; fileRef = 13BA411C1CCB30DD008EF7C9 /* XMGRecommendAttentionCell.xib */; settings = {ASSET_TAGS = (); }; };
		2D0A84C71CEE06A6005D8D7F /* XMGTopicCellTexture.m in Sources */ = {isa = PBXBuildFile; fileRef = 2D0A84C61CEE06A6005D8D7F /* XMGTopicCellTexture.m */; settings = {ASSET_TAGS = (); }; };
		2D0A84C91CEE06C1005D8D7F /* XMGTopicCellTexture.xib in Resources */ = {isa = PBXBuildFile; fileRef = 2D0A84C81CEE06C1005D8D7F /* XMGTopicCellTexture.xib */; settings = {ASSET_TAGS = (); }; };
		2D21EE791CD8DA960099EB0A /* XMGHighPlaceholder.m in Sources */ = {isa = PBXBuildFile; fileRef = 2D21EE781CD8DA960099EB0A /* XMGHighPlaceholder.m */; settings = {ASSET_TAGS = (); }; };
		2D80F44D1CF0B4DC00FA84DE /* XMGTexureShowAllViewController.m in Sources */ = {isa = PBXBuildFile; fileRef = 2D80F44B1CF0B4DC00FA84DE /* XMGTexureShowAllViewController.m */; settings = {ASSET_TAGS = (); }; };
		2D80F44E1CF0B4DC00FA84DE /* XMGTexureShowAllViewController.xib in Resources */ = {isa = PBXBuildFile; fileRef = 2D80F44C1CF0B4DC00FA84DE /* XMGTexureShowAllViewController.xib */; settings = {ASSET_TAGS = (); }; };
		2D834EDD1CDF725B00674593 /* XMGTopicModel.m in Sources */ = {isa = PBXBuildFile; fileRef = 2D834EDC1CDF725B00674593 /* XMGTopicModel.m */; settings = {ASSET_TAGS = (); }; };
		2D8DB2781CE89878001ED021 /* NSDate+XMGDateShow.m in Sources */ = {isa = PBXBuildFile; fileRef = 2D8DB2771CE89878001ED021 /* NSDate+XMGDateShow.m */; settings = {ASSET_TAGS = (); }; };
		2DCC442C1CD764FB00109755 /* XMGLoginResgisterViewController.m in Sources */ = {isa = PBXBuildFile; fileRef = 2DCC442A1CD764FB00109755 /* XMGLoginResgisterViewController.m */; settings = {ASSET_TAGS = (); }; };
		2DCC442D1CD764FB00109755 /* XMGLoginResgisterViewController.xib in Resources */ = {isa = PBXBuildFile; fileRef = 2DCC442B1CD764FB00109755 /* XMGLoginResgisterViewController.xib */; settings = {ASSET_TAGS = (); }; };
		2DCC44301CD79E7E00109755 /* XMGVerticalButton.m in Sources */ = {isa = PBXBuildFile; fileRef = 2DCC442F1CD79E7E00109755 /* XMGVerticalButton.m */; settings = {ASSET_TAGS = (); }; };
		2DD29CEB1CE708F000B54006 /* XMGConst.m in Sources */ = {isa = PBXBuildFile; fileRef = 2DD29CEA1CE708F000B54006 /* XMGConst.m */; settings = {ASSET_TAGS = (); }; };
		2DD29CEF1CE71FE700B54006 /* XMGTopicCell.m in Sources */ = {isa = PBXBuildFile; fileRef = 2DD29CED1CE71FE700B54006 /* XMGTopicCell.m */; settings = {ASSET_TAGS = (); }; };
		2DD29CF01CE71FE700B54006 /* XMGTopicCell.xib in Resources */ = {isa = PBXBuildFile; fileRef = 2DD29CEE1CE71FE700B54006 /* XMGTopicCell.xib */; settings = {ASSET_TAGS = (); }; };
		2DDF7B051CEA198B00457D59 /* XMGTopicBaseController.m in Sources */ = {isa = PBXBuildFile; fileRef = 2DDF7B041CEA198B00457D59 /* XMGTopicBaseController.m */; settings = {ASSET_TAGS = (); }; };
		2DEF62EA1CEF481100484D7A /* DACircularProgressView.m in Sources */ = {isa = PBXBuildFile; fileRef = 2DEF62E71CEF481100484D7A /* DACircularProgressView.m */; settings = {ASSET_TAGS = (); }; };
		2DEF62EB1CEF481100484D7A /* DALabeledCircularProgressView.m in Sources */ = {isa = PBXBuildFile; fileRef = 2DEF62E91CEF481100484D7A /* DALabeledCircularProgressView.m */; settings = {ASSET_TAGS = (); }; };
		2DFC66EA1CF1EEAC0065D2D6 /* XMGPublicCenterController.m in Sources */ = {isa = PBXBuildFile; fileRef = 2DFC66E81CF1EEAC0065D2D6 /* XMGPublicCenterController.m */; settings = {ASSET_TAGS = (); }; };
		2DFC66EB1CF1EEAC0065D2D6 /* XMGPublicCenterController.xib in Resources */ = {isa = PBXBuildFile; fileRef = 2DFC66E91CF1EEAC0065D2D6 /* XMGPublicCenterController.xib */; settings = {ASSET_TAGS = (); }; };
		F2E7A4AC6DF2FDB25794F140 /* libPods.a in Frameworks */ = {isa = PBXBuildFile; fileRef = 5C88448A9F0DB8E86FF2B211 /* libPods.a */; };
/* End PBXBuildFile section */

/* Begin PBXContainerItemProxy section */
		135A2B4B1CBE8AD700FDA8BD /* PBXContainerItemProxy */ = {
			isa = PBXContainerItemProxy;
			containerPortal = 135A2B291CBE8AD600FDA8BD /* Project object */;
			proxyType = 1;
			remoteGlobalIDString = 135A2B301CBE8AD600FDA8BD;
			remoteInfo = XMGProject;
		};
/* End PBXContainerItemProxy section */

/* Begin PBXFileReference section */
		1345186E1CC7247100EB8587 /* XMGRecommendViewController.h */ = {isa = PBXFileReference; fileEncoding = 4; lastKnownFileType = sourcecode.c.h; path = XMGRecommendViewController.h; sourceTree = "<group>"; };
		1345186F1CC7247100EB8587 /* XMGRecommendViewController.m */ = {isa = PBXFileReference; fileEncoding = 4; lastKnownFileType = sourcecode.c.objc; path = XMGRecommendViewController.m; sourceTree = "<group>"; };
		134518701CC7247100EB8587 /* XMGRecommendViewController.xib */ = {isa = PBXFileReference; fileEncoding = 4; lastKnownFileType = file.xib; path = XMGRecommendViewController.xib; sourceTree = "<group>"; };
		135A2B311CBE8AD600FDA8BD /* XMGProject.app */ = {isa = PBXFileReference; explicitFileType = wrapper.application; includeInIndex = 0; path = XMGProject.app; sourceTree = BUILT_PRODUCTS_DIR; };
		135A2B351CBE8AD600FDA8BD /* Info.plist */ = {isa = PBXFileReference; lastKnownFileType = text.plist.xml; path = Info.plist; sourceTree = "<group>"; };
		135A2B361CBE8AD600FDA8BD /* main.m */ = {isa = PBXFileReference; lastKnownFileType = sourcecode.c.objc; path = main.m; sourceTree = "<group>"; };
		135A2B381CBE8AD600FDA8BD /* AppDelegate.h */ = {isa = PBXFileReference; lastKnownFileType = sourcecode.c.h; path = AppDelegate.h; sourceTree = "<group>"; };
		135A2B391CBE8AD600FDA8BD /* AppDelegate.m */ = {isa = PBXFileReference; lastKnownFileType = sourcecode.c.objc; path = AppDelegate.m; sourceTree = "<group>"; };
		135A2B411CBE8AD600FDA8BD /* Images.xcassets */ = {isa = PBXFileReference; lastKnownFileType = folder.assetcatalog; path = Images.xcassets; sourceTree = "<group>"; };
		135A2B4A1CBE8AD700FDA8BD /* XMGProjectTests.xctest */ = {isa = PBXFileReference; explicitFileType = wrapper.cfbundle; includeInIndex = 0; path = XMGProjectTests.xctest; sourceTree = BUILT_PRODUCTS_DIR; };
		135A2B4F1CBE8AD700FDA8BD /* Info.plist */ = {isa = PBXFileReference; lastKnownFileType = text.plist.xml; path = Info.plist; sourceTree = "<group>"; };
		135A2B501CBE8AD700FDA8BD /* XMGProjectTests.m */ = {isa = PBXFileReference; lastKnownFileType = sourcecode.c.objc; path = XMGProjectTests.m; sourceTree = "<group>"; };
		135AD01F1CD9B183001B70E6 /* XMGGuideView.h */ = {isa = PBXFileReference; fileEncoding = 4; lastKnownFileType = sourcecode.c.h; name = XMGGuideView.h; path = XMGProject/Scripts/X06Other/XMGGuideView.h; sourceTree = SOURCE_ROOT; };
		135AD0201CD9B183001B70E6 /* XMGGuideView.m */ = {isa = PBXFileReference; fileEncoding = 4; lastKnownFileType = sourcecode.c.objc; name = XMGGuideView.m; path = XMGProject/Scripts/X06Other/XMGGuideView.m; sourceTree = SOURCE_ROOT; };
		135AD0221CD9B19D001B70E6 /* XMGGuideView.xib */ = {isa = PBXFileReference; fileEncoding = 4; lastKnownFileType = file.xib; name = XMGGuideView.xib; path = XMGProject/Scripts/X06Other/controller/XMGGuideView.xib; sourceTree = SOURCE_ROOT; };
		135AF2B61CC77BC1009D0476 /* XMGRecommendCategoryCell.h */ = {isa = PBXFileReference; fileEncoding = 4; lastKnownFileType = sourcecode.c.h; path = XMGRecommendCategoryCell.h; sourceTree = "<group>"; };
		135AF2B71CC77BC1009D0476 /* XMGRecommendCategoryCell.m */ = {isa = PBXFileReference; fileEncoding = 4; lastKnownFileType = sourcecode.c.objc; path = XMGRecommendCategoryCell.m; sourceTree = "<group>"; };
		135AF2B81CC77BC1009D0476 /* XMGRecommendCategoryCell.xib */ = {isa = PBXFileReference; fileEncoding = 4; lastKnownFileType = file.xib; path = XMGRecommendCategoryCell.xib; sourceTree = "<group>"; };
		137A90EA1CC60D140003FB29 /* XMGEssenceViewController.h */ = {isa = PBXFileReference; fileEncoding = 4; lastKnownFileType = sourcecode.c.h; path = XMGEssenceViewController.h; sourceTree = "<group>"; };
		137A90EB1CC60D140003FB29 /* XMGEssenceViewController.m */ = {isa = PBXFileReference; fileEncoding = 4; lastKnownFileType = sourcecode.c.objc; path = XMGEssenceViewController.m; sourceTree = "<group>"; };
		137A90F01CC60D140003FB29 /* XMGFriendTrendsViewController.h */ = {isa = PBXFileReference; fileEncoding = 4; lastKnownFileType = sourcecode.c.h; name = XMGFriendTrendsViewController.h; path = ../../X02/controller/XMGFriendTrendsViewController.h; sourceTree = "<group>"; };
		137A90F11CC60D140003FB29 /* XMGFriendTrendsViewController.m */ = {isa = PBXFileReference; fileEncoding = 4; lastKnownFileType = sourcecode.c.objc; name = XMGFriendTrendsViewController.m; path = ../../X02/controller/XMGFriendTrendsViewController.m; sourceTree = "<group>"; };
		137A90F61CC60D140003FB29 /* XMGNewViewController.h */ = {isa = PBXFileReference; fileEncoding = 4; lastKnownFileType = sourcecode.c.h; name = XMGNewViewController.h; path = ../../X03/controller/XMGNewViewController.h; sourceTree = "<group>"; };
		137A90F71CC60D140003FB29 /* XMGNewViewController.m */ = {isa = PBXFileReference; fileEncoding = 4; lastKnownFileType = sourcecode.c.objc; name = XMGNewViewController.m; path = ../../X03/controller/XMGNewViewController.m; sourceTree = "<group>"; };
		137A90FC1CC60D140003FB29 /* XMGMeViewController.h */ = {isa = PBXFileReference; fileEncoding = 4; lastKnownFileType = sourcecode.c.h; path = XMGMeViewController.h; sourceTree = "<group>"; };
		137A90FD1CC60D140003FB29 /* XMGMeViewController.m */ = {isa = PBXFileReference; fileEncoding = 4; lastKnownFileType = sourcecode.c.objc; path = XMGMeViewController.m; sourceTree = "<group>"; };
		137A91061CC60D140003FB29 /* UIBarButtonItem+XMGButtonItemTool.h */ = {isa = PBXFileReference; fileEncoding = 4; lastKnownFileType = sourcecode.c.h; path = "UIBarButtonItem+XMGButtonItemTool.h"; sourceTree = "<group>"; };
		137A91071CC60D140003FB29 /* UIBarButtonItem+XMGButtonItemTool.m */ = {isa = PBXFileReference; fileEncoding = 4; lastKnownFileType = sourcecode.c.objc; path = "UIBarButtonItem+XMGButtonItemTool.m"; sourceTree = "<group>"; };
		137A91081CC60D140003FB29 /* UIView+XMGExtension.h */ = {isa = PBXFileReference; fileEncoding = 4; lastKnownFileType = sourcecode.c.h; path = "UIView+XMGExtension.h"; sourceTree = "<group>"; };
		137A91091CC60D140003FB29 /* UIView+XMGExtension.m */ = {isa = PBXFileReference; fileEncoding = 4; lastKnownFileType = sourcecode.c.objc; path = "UIView+XMGExtension.m"; sourceTree = "<group>"; };
		137A910A1CC60D140003FB29 /* XMGNavigationController.h */ = {isa = PBXFileReference; fileEncoding = 4; lastKnownFileType = sourcecode.c.h; path = XMGNavigationController.h; sourceTree = "<group>"; };
		137A910B1CC60D140003FB29 /* XMGNavigationController.m */ = {isa = PBXFileReference; fileEncoding = 4; lastKnownFileType = sourcecode.c.objc; path = XMGNavigationController.m; sourceTree = "<group>"; };
		137A910C1CC60D140003FB29 /* XMGTabBar.h */ = {isa = PBXFileReference; fileEncoding = 4; lastKnownFileType = sourcecode.c.h; path = XMGTabBar.h; sourceTree = "<group>"; };
		137A910D1CC60D140003FB29 /* XMGTabBar.m */ = {isa = PBXFileReference; fileEncoding = 4; lastKnownFileType = sourcecode.c.objc; path = XMGTabBar.m; sourceTree = "<group>"; };
		137A910E1CC60D140003FB29 /* XMGTabBarController.h */ = {isa = PBXFileReference; fileEncoding = 4; lastKnownFileType = sourcecode.c.h; path = XMGTabBarController.h; sourceTree = "<group>"; };
		137A910F1CC60D140003FB29 /* XMGTabBarController.m */ = {isa = PBXFileReference; fileEncoding = 4; lastKnownFileType = sourcecode.c.objc; path = XMGTabBarController.m; sourceTree = "<group>"; };
		137A91111CC60D140003FB29 /* myPch.pch */ = {isa = PBXFileReference; fileEncoding = 4; lastKnownFileType = sourcecode.c.h; path = myPch.pch; sourceTree = "<group>"; };
		137A91291CC610960003FB29 /* XMGFriendTrendsViewController.xib */ = {isa = PBXFileReference; fileEncoding = 4; lastKnownFileType = file.xib; path = XMGFriendTrendsViewController.xib; sourceTree = "<group>"; };
		137A912B1CC61EC10003FB29 /* XMGMeViewController.xib */ = {isa = PBXFileReference; fileEncoding = 4; lastKnownFileType = file.xib; path = XMGMeViewController.xib; sourceTree = "<group>"; };
		13880F431CC72E95002131AD /* Foundation+Log.m */ = {isa = PBXFileReference; fileEncoding = 4; lastKnownFileType = sourcecode.c.objc; path = "Foundation+Log.m"; sourceTree = "<group>"; };
		13880F451CC767F2002131AD /* XMGRecommondCategoryModel.h */ = {isa = PBXFileReference; fileEncoding = 4; lastKnownFileType = sourcecode.c.h; path = XMGRecommondCategoryModel.h; sourceTree = "<group>"; };
		13880F461CC767F2002131AD /* XMGRecommondCategoryModel.m */ = {isa = PBXFileReference; fileEncoding = 4; lastKnownFileType = sourcecode.c.objc; path = XMGRecommondCategoryModel.m; sourceTree = "<group>"; };
		13926B4D1CC8896600B2BA0B /* XMGRecommondUserModel.h */ = {isa = PBXFileReference; fileEncoding = 4; lastKnownFileType = sourcecode.c.h; path = XMGRecommondUserModel.h; sourceTree = "<group>"; };
		13926B4E1CC8896600B2BA0B /* XMGRecommondUserModel.m */ = {isa = PBXFileReference; fileEncoding = 4; lastKnownFileType = sourcecode.c.objc; path = XMGRecommondUserModel.m; sourceTree = "<group>"; };
		13926B501CC889F100B2BA0B /* XMGRecommondUserCell.h */ = {isa = PBXFileReference; fileEncoding = 4; lastKnownFileType = sourcecode.c.h; path = XMGRecommondUserCell.h; sourceTree = "<group>"; };
		13926B511CC889F100B2BA0B /* XMGRecommondUserCell.m */ = {isa = PBXFileReference; fileEncoding = 4; lastKnownFileType = sourcecode.c.objc; path = XMGRecommondUserCell.m; sourceTree = "<group>"; };
		13926B521CC889F100B2BA0B /* XMGRecommondUserCell.xib */ = {isa = PBXFileReference; fileEncoding = 4; lastKnownFileType = file.xib; path = XMGRecommondUserCell.xib; sourceTree = "<group>"; };
		13BA41111CCB2DA6008EF7C9 /* XMGRecommendAttentionTableViewController.h */ = {isa = PBXFileReference; fileEncoding = 4; lastKnownFileType = sourcecode.c.h; path = XMGRecommendAttentionTableViewController.h; sourceTree = "<group>"; };
		13BA41121CCB2DA6008EF7C9 /* XMGRecommendAttentionTableViewController.m */ = {isa = PBXFileReference; fileEncoding = 4; lastKnownFileType = sourcecode.c.objc; path = XMGRecommendAttentionTableViewController.m; sourceTree = "<group>"; };
		13BA41141CCB3036008EF7C9 /* XMGRecommendAttentionModel.h */ = {isa = PBXFileReference; fileEncoding = 4; lastKnownFileType = sourcecode.c.h; path = XMGRecommendAttentionModel.h; sourceTree = "<group>"; };
		13BA41151CCB3036008EF7C9 /* XMGRecommendAttentionModel.m */ = {isa = PBXFileReference; fileEncoding = 4; lastKnownFileType = sourcecode.c.objc; path = XMGRecommendAttentionModel.m; sourceTree = "<group>"; };
		13BA411A1CCB30DD008EF7C9 /* XMGRecommendAttentionCell.h */ = {isa = PBXFileReference; fileEncoding = 4; lastKnownFileType = sourcecode.c.h; path = XMGRecommendAttentionCell.h; sourceTree = "<group>"; };
		13BA411B1CCB30DD008EF7C9 /* XMGRecommendAttentionCell.m */ = {isa = PBXFileReference; fileEncoding = 4; lastKnownFileType = sourcecode.c.objc; path = XMGRecommendAttentionCell.m; sourceTree = "<group>"; };
		13BA411C1CCB30DD008EF7C9 /* XMGRecommendAttentionCell.xib */ = {isa = PBXFileReference; fileEncoding = 4; lastKnownFileType = file.xib; path = XMGRecommendAttentionCell.xib; sourceTree = "<group>"; };
		2D0A84C51CEE06A6005D8D7F /* XMGTopicCellTexture.h */ = {isa = PBXFileReference; fileEncoding = 4; lastKnownFileType = sourcecode.c.h; path = XMGTopicCellTexture.h; sourceTree = "<group>"; };
		2D0A84C61CEE06A6005D8D7F /* XMGTopicCellTexture.m */ = {isa = PBXFileReference; fileEncoding = 4; lastKnownFileType = sourcecode.c.objc; path = XMGTopicCellTexture.m; sourceTree = "<group>"; };
		2D0A84C81CEE06C1005D8D7F /* XMGTopicCellTexture.xib */ = {isa = PBXFileReference; fileEncoding = 4; lastKnownFileType = file.xib; path = XMGTopicCellTexture.xib; sourceTree = "<group>"; };
		2D21EE771CD8DA960099EB0A /* XMGHighPlaceholder.h */ = {isa = PBXFileReference; fileEncoding = 4; lastKnownFileType = sourcecode.c.h; path = XMGHighPlaceholder.h; sourceTree = "<group>"; };
		2D21EE781CD8DA960099EB0A /* XMGHighPlaceholder.m */ = {isa = PBXFileReference; fileEncoding = 4; lastKnownFileType = sourcecode.c.objc; path = XMGHighPlaceholder.m; sourceTree = "<group>"; };
		2D80F44A1CF0B4DC00FA84DE /* XMGTexureShowAllViewController.h */ = {isa = PBXFileReference; fileEncoding = 4; lastKnownFileType = sourcecode.c.h; name = XMGTexureShowAllViewController.h; path = ../view/XMGTexureShowAllViewController.h; sourceTree = "<group>"; };
		2D80F44B1CF0B4DC00FA84DE /* XMGTexureShowAllViewController.m */ = {isa = PBXFileReference; fileEncoding = 4; lastKnownFileType = sourcecode.c.objc; name = XMGTexureShowAllViewController.m; path = ../view/XMGTexureShowAllViewController.m; sourceTree = "<group>"; };
		2D80F44C1CF0B4DC00FA84DE /* XMGTexureShowAllViewController.xib */ = {isa = PBXFileReference; fileEncoding = 4; lastKnownFileType = file.xib; name = XMGTexureShowAllViewController.xib; path = ../view/XMGTexureShowAllViewController.xib; sourceTree = "<group>"; };
		2D834EDB1CDF725B00674593 /* XMGTopicModel.h */ = {isa = PBXFileReference; fileEncoding = 4; lastKnownFileType = sourcecode.c.h; path = XMGTopicModel.h; sourceTree = "<group>"; };
		2D834EDC1CDF725B00674593 /* XMGTopicModel.m */ = {isa = PBXFileReference; fileEncoding = 4; lastKnownFileType = sourcecode.c.objc; path = XMGTopicModel.m; sourceTree = "<group>"; };
		2D8DB2761CE89878001ED021 /* NSDate+XMGDateShow.h */ = {isa = PBXFileReference; fileEncoding = 4; lastKnownFileType = sourcecode.c.h; path = "NSDate+XMGDateShow.h"; sourceTree = "<group>"; };
		2D8DB2771CE89878001ED021 /* NSDate+XMGDateShow.m */ = {isa = PBXFileReference; fileEncoding = 4; lastKnownFileType = sourcecode.c.objc; path = "NSDate+XMGDateShow.m"; sourceTree = "<group>"; };
		2DCC44291CD764FB00109755 /* XMGLoginResgisterViewController.h */ = {isa = PBXFileReference; fileEncoding = 4; lastKnownFileType = sourcecode.c.h; path = XMGLoginResgisterViewController.h; sourceTree = "<group>"; };
		2DCC442A1CD764FB00109755 /* XMGLoginResgisterViewController.m */ = {isa = PBXFileReference; fileEncoding = 4; lastKnownFileType = sourcecode.c.objc; path = XMGLoginResgisterViewController.m; sourceTree = "<group>"; };
		2DCC442B1CD764FB00109755 /* XMGLoginResgisterViewController.xib */ = {isa = PBXFileReference; fileEncoding = 4; lastKnownFileType = file.xib; path = XMGLoginResgisterViewController.xib; sourceTree = "<group>"; };
		2DCC442E1CD79E7E00109755 /* XMGVerticalButton.h */ = {isa = PBXFileReference; fileEncoding = 4; lastKnownFileType = sourcecode.c.h; path = XMGVerticalButton.h; sourceTree = "<group>"; };
		2DCC442F1CD79E7E00109755 /* XMGVerticalButton.m */ = {isa = PBXFileReference; fileEncoding = 4; lastKnownFileType = sourcecode.c.objc; path = XMGVerticalButton.m; sourceTree = "<group>"; };
		2DD29CE91CE708F000B54006 /* XMGConst.h */ = {isa = PBXFileReference; fileEncoding = 4; lastKnownFileType = sourcecode.c.h; path = XMGConst.h; sourceTree = "<group>"; };
		2DD29CEA1CE708F000B54006 /* XMGConst.m */ = {isa = PBXFileReference; fileEncoding = 4; lastKnownFileType = sourcecode.c.objc; path = XMGConst.m; sourceTree = "<group>"; };
		2DD29CEC1CE71FE700B54006 /* XMGTopicCell.h */ = {isa = PBXFileReference; fileEncoding = 4; lastKnownFileType = sourcecode.c.h; path = XMGTopicCell.h; sourceTree = "<group>"; };
		2DD29CED1CE71FE700B54006 /* XMGTopicCell.m */ = {isa = PBXFileReference; fileEncoding = 4; lastKnownFileType = sourcecode.c.objc; path = XMGTopicCell.m; sourceTree = "<group>"; };
		2DD29CEE1CE71FE700B54006 /* XMGTopicCell.xib */ = {isa = PBXFileReference; fileEncoding = 4; lastKnownFileType = file.xib; path = XMGTopicCell.xib; sourceTree = "<group>"; };
		2DDF7B031CEA198B00457D59 /* XMGTopicBaseController.h */ = {isa = PBXFileReference; fileEncoding = 4; lastKnownFileType = sourcecode.c.h; path = XMGTopicBaseController.h; sourceTree = "<group>"; };
		2DDF7B041CEA198B00457D59 /* XMGTopicBaseController.m */ = {isa = PBXFileReference; fileEncoding = 4; lastKnownFileType = sourcecode.c.objc; path = XMGTopicBaseController.m; sourceTree = "<group>"; };
		2DEF62E61CEF481100484D7A /* DACircularProgressView.h */ = {isa = PBXFileReference; fileEncoding = 4; lastKnownFileType = sourcecode.c.h; path = DACircularProgressView.h; sourceTree = "<group>"; };
		2DEF62E71CEF481100484D7A /* DACircularProgressView.m */ = {isa = PBXFileReference; fileEncoding = 4; lastKnownFileType = sourcecode.c.objc; path = DACircularProgressView.m; sourceTree = "<group>"; };
		2DEF62E81CEF481100484D7A /* DALabeledCircularProgressView.h */ = {isa = PBXFileReference; fileEncoding = 4; lastKnownFileType = sourcecode.c.h; path = DALabeledCircularProgressView.h; sourceTree = "<group>"; };
		2DEF62E91CEF481100484D7A /* DALabeledCircularProgressView.m */ = {isa = PBXFileReference; fileEncoding = 4; lastKnownFileType = sourcecode.c.objc; path = DALabeledCircularProgressView.m; sourceTree = "<group>"; };
		2DFC66E71CF1EEAC0065D2D6 /* XMGPublicCenterController.h */ = {isa = PBXFileReference; fileEncoding = 4; lastKnownFileType = sourcecode.c.h; name = XMGPublicCenterController.h; path = XMGProject/Scripts/X06Other/XMGPublicCenterController.h; sourceTree = SOURCE_ROOT; };
		2DFC66E81CF1EEAC0065D2D6 /* XMGPublicCenterController.m */ = {isa = PBXFileReference; fileEncoding = 4; lastKnownFileType = sourcecode.c.objc; name = XMGPublicCenterController.m; path = XMGProject/Scripts/X06Other/XMGPublicCenterController.m; sourceTree = SOURCE_ROOT; };
		2DFC66E91CF1EEAC0065D2D6 /* XMGPublicCenterController.xib */ = {isa = PBXFileReference; fileEncoding = 4; lastKnownFileType = file.xib; name = XMGPublicCenterController.xib; path = XMGProject/Scripts/X06Other/XMGPublicCenterController.xib; sourceTree = SOURCE_ROOT; };
		5C88448A9F0DB8E86FF2B211 /* libPods.a */ = {isa = PBXFileReference; explicitFileType = archive.ar; includeInIndex = 0; path = libPods.a; sourceTree = BUILT_PRODUCTS_DIR; };
		F3D7955D1C8AB195920EBAE8 /* Pods.debug.xcconfig */ = {isa = PBXFileReference; includeInIndex = 1; lastKnownFileType = text.xcconfig; name = Pods.debug.xcconfig; path = "Pods/Target Support Files/Pods/Pods.debug.xcconfig"; sourceTree = "<group>"; };
		FC987771EABB618D85F0552F /* Pods.release.xcconfig */ = {isa = PBXFileReference; includeInIndex = 1; lastKnownFileType = text.xcconfig; name = Pods.release.xcconfig; path = "Pods/Target Support Files/Pods/Pods.release.xcconfig"; sourceTree = "<group>"; };
/* End PBXFileReference section */

/* Begin PBXFrameworksBuildPhase section */
		135A2B2E1CBE8AD600FDA8BD /* Frameworks */ = {
			isa = PBXFrameworksBuildPhase;
			buildActionMask = 2147483647;
			files = (
				F2E7A4AC6DF2FDB25794F140 /* libPods.a in Frameworks */,
			);
			runOnlyForDeploymentPostprocessing = 0;
		};
		135A2B471CBE8AD700FDA8BD /* Frameworks */ = {
			isa = PBXFrameworksBuildPhase;
			buildActionMask = 2147483647;
			files = (
			);
			runOnlyForDeploymentPostprocessing = 0;
		};
/* End PBXFrameworksBuildPhase section */

/* Begin PBXGroup section */
		135A2B281CBE8AD600FDA8BD = {
			isa = PBXGroup;
			children = (
				135A2B331CBE8AD600FDA8BD /* XMGProject */,
				135A2B4D1CBE8AD700FDA8BD /* XMGProjectTests */,
				135A2B321CBE8AD600FDA8BD /* Products */,
				433827A6A7BE58702DA502E6 /* Frameworks */,
				8F216B13CA96CA6D845DC636 /* Pods */,
			);
			sourceTree = "<group>";
		};
		135A2B321CBE8AD600FDA8BD /* Products */ = {
			isa = PBXGroup;
			children = (
				135A2B311CBE8AD600FDA8BD /* XMGProject.app */,
				135A2B4A1CBE8AD700FDA8BD /* XMGProjectTests.xctest */,
			);
			name = Products;
			sourceTree = "<group>";
		};
		135A2B331CBE8AD600FDA8BD /* XMGProject */ = {
			isa = PBXGroup;
			children = (
				137A90E71CC60D140003FB29 /* Scripts */,
				135A2B381CBE8AD600FDA8BD /* AppDelegate.h */,
				135A2B391CBE8AD600FDA8BD /* AppDelegate.m */,
				135A2B411CBE8AD600FDA8BD /* Images.xcassets */,
				135A2B341CBE8AD600FDA8BD /* Supporting Files */,
			);
			path = XMGProject;
			sourceTree = "<group>";
		};
		135A2B341CBE8AD600FDA8BD /* Supporting Files */ = {
			isa = PBXGroup;
			children = (
				135A2B351CBE8AD600FDA8BD /* Info.plist */,
				135A2B361CBE8AD600FDA8BD /* main.m */,
			);
			name = "Supporting Files";
			sourceTree = "<group>";
		};
		135A2B4D1CBE8AD700FDA8BD /* XMGProjectTests */ = {
			isa = PBXGroup;
			children = (
				135A2B501CBE8AD700FDA8BD /* XMGProjectTests.m */,
				135A2B4E1CBE8AD700FDA8BD /* Supporting Files */,
			);
			path = XMGProjectTests;
			sourceTree = "<group>";
		};
		135A2B4E1CBE8AD700FDA8BD /* Supporting Files */ = {
			isa = PBXGroup;
			children = (
				135A2B4F1CBE8AD700FDA8BD /* Info.plist */,
			);
			name = "Supporting Files";
			sourceTree = "<group>";
		};
		137A90E71CC60D140003FB29 /* Scripts */ = {
			isa = PBXGroup;
			children = (
				137A90E81CC60D140003FB29 /* X01 */,
				137A90EE1CC60D140003FB29 /* X02 */,
				137A90F41CC60D140003FB29 /* X03 */,
				137A90FA1CC60D140003FB29 /* X04 */,
				137A91001CC60D140003FB29 /* X05Center */,
				137A91041CC60D140003FB29 /* X06Other */,
			);
			path = Scripts;
			sourceTree = "<group>";
		};
		137A90E81CC60D140003FB29 /* X01 */ = {
			isa = PBXGroup;
			children = (
				137A90E91CC60D140003FB29 /* controller */,
				137A90EC1CC60D140003FB29 /* model */,
				137A90ED1CC60D140003FB29 /* view */,
			);
			path = X01;
			sourceTree = "<group>";
		};
		137A90E91CC60D140003FB29 /* controller */ = {
			isa = PBXGroup;
			children = (
				137A90EA1CC60D140003FB29 /* XMGEssenceViewController.h */,
				137A90EB1CC60D140003FB29 /* XMGEssenceViewController.m */,
				13BA41111CCB2DA6008EF7C9 /* XMGRecommendAttentionTableViewController.h */,
				13BA41121CCB2DA6008EF7C9 /* XMGRecommendAttentionTableViewController.m */,
				2DDF7B031CEA198B00457D59 /* XMGTopicBaseController.h */,
				2DDF7B041CEA198B00457D59 /* XMGTopicBaseController.m */,
				2D80F44A1CF0B4DC00FA84DE /* XMGTexureShowAllViewController.h */,
				2D80F44B1CF0B4DC00FA84DE /* XMGTexureShowAllViewController.m */,
				2D80F44C1CF0B4DC00FA84DE /* XMGTexureShowAllViewController.xib */,
			);
			path = controller;
			sourceTree = "<group>";
		};
		137A90EC1CC60D140003FB29 /* model */ = {
			isa = PBXGroup;
			children = (
				13BA41141CCB3036008EF7C9 /* XMGRecommendAttentionModel.h */,
				13BA41151CCB3036008EF7C9 /* XMGRecommendAttentionModel.m */,
				2D834EDB1CDF725B00674593 /* XMGTopicModel.h */,
				2D834EDC1CDF725B00674593 /* XMGTopicModel.m */,
			);
			path = model;
			sourceTree = "<group>";
		};
		137A90ED1CC60D140003FB29 /* view */ = {
			isa = PBXGroup;
			children = (
				13BA411A1CCB30DD008EF7C9 /* XMGRecommendAttentionCell.h */,
				13BA411B1CCB30DD008EF7C9 /* XMGRecommendAttentionCell.m */,
				13BA411C1CCB30DD008EF7C9 /* XMGRecommendAttentionCell.xib */,
				2DD29CEC1CE71FE700B54006 /* XMGTopicCell.h */,
				2DD29CED1CE71FE700B54006 /* XMGTopicCell.m */,
				2DD29CEE1CE71FE700B54006 /* XMGTopicCell.xib */,
				2D0A84C51CEE06A6005D8D7F /* XMGTopicCellTexture.h */,
				2D0A84C61CEE06A6005D8D7F /* XMGTopicCellTexture.m */,
				2D0A84C81CEE06C1005D8D7F /* XMGTopicCellTexture.xib */,
			);
			path = view;
			sourceTree = "<group>";
		};
		137A90EE1CC60D140003FB29 /* X02 */ = {
			isa = PBXGroup;
			children = (
				137A90EF1CC60D140003FB29 /* controller */,
				137A90F21CC60D140003FB29 /* model */,
				137A90F31CC60D140003FB29 /* view */,
			);
			path = X02;
			sourceTree = "<group>";
		};
		137A90EF1CC60D140003FB29 /* controller */ = {
			isa = PBXGroup;
			children = (
				137A90F61CC60D140003FB29 /* XMGNewViewController.h */,
				137A90F71CC60D140003FB29 /* XMGNewViewController.m */,
			);
			path = controller;
			sourceTree = "<group>";
		};
		137A90F21CC60D140003FB29 /* model */ = {
			isa = PBXGroup;
			children = (
			);
			path = model;
			sourceTree = "<group>";
		};
		137A90F31CC60D140003FB29 /* view */ = {
			isa = PBXGroup;
			children = (
			);
			path = view;
			sourceTree = "<group>";
		};
		137A90F41CC60D140003FB29 /* X03 */ = {
			isa = PBXGroup;
			children = (
				137A90F51CC60D140003FB29 /* controller */,
				137A90F81CC60D140003FB29 /* model */,
				137A90F91CC60D140003FB29 /* view */,
			);
			path = X03;
			sourceTree = "<group>";
		};
		137A90F51CC60D140003FB29 /* controller */ = {
			isa = PBXGroup;
			children = (
				137A90F01CC60D140003FB29 /* XMGFriendTrendsViewController.h */,
				137A90F11CC60D140003FB29 /* XMGFriendTrendsViewController.m */,
				137A91291CC610960003FB29 /* XMGFriendTrendsViewController.xib */,
				1345186E1CC7247100EB8587 /* XMGRecommendViewController.h */,
				1345186F1CC7247100EB8587 /* XMGRecommendViewController.m */,
				134518701CC7247100EB8587 /* XMGRecommendViewController.xib */,
				2DCC44291CD764FB00109755 /* XMGLoginResgisterViewController.h */,
				2DCC442A1CD764FB00109755 /* XMGLoginResgisterViewController.m */,
				2DCC442B1CD764FB00109755 /* XMGLoginResgisterViewController.xib */,
			);
			path = controller;
			sourceTree = "<group>";
		};
		137A90F81CC60D140003FB29 /* model */ = {
			isa = PBXGroup;
			children = (
				13880F451CC767F2002131AD /* XMGRecommondCategoryModel.h */,
				13880F461CC767F2002131AD /* XMGRecommondCategoryModel.m */,
				13926B4D1CC8896600B2BA0B /* XMGRecommondUserModel.h */,
				13926B4E1CC8896600B2BA0B /* XMGRecommondUserModel.m */,
			);
			path = model;
			sourceTree = "<group>";
		};
		137A90F91CC60D140003FB29 /* view */ = {
			isa = PBXGroup;
			children = (
				135AF2B61CC77BC1009D0476 /* XMGRecommendCategoryCell.h */,
				135AF2B71CC77BC1009D0476 /* XMGRecommendCategoryCell.m */,
				135AF2B81CC77BC1009D0476 /* XMGRecommendCategoryCell.xib */,
				13926B501CC889F100B2BA0B /* XMGRecommondUserCell.h */,
				13926B511CC889F100B2BA0B /* XMGRecommondUserCell.m */,
				13926B521CC889F100B2BA0B /* XMGRecommondUserCell.xib */,
				2DCC442E1CD79E7E00109755 /* XMGVerticalButton.h */,
				2DCC442F1CD79E7E00109755 /* XMGVerticalButton.m */,
				2D21EE771CD8DA960099EB0A /* XMGHighPlaceholder.h */,
				2D21EE781CD8DA960099EB0A /* XMGHighPlaceholder.m */,
			);
			path = view;
			sourceTree = "<group>";
		};
		137A90FA1CC60D140003FB29 /* X04 */ = {
			isa = PBXGroup;
			children = (
				137A90FB1CC60D140003FB29 /* controller */,
				137A90FE1CC60D140003FB29 /* model */,
				137A90FF1CC60D140003FB29 /* view */,
			);
			path = X04;
			sourceTree = "<group>";
		};
		137A90FB1CC60D140003FB29 /* controller */ = {
			isa = PBXGroup;
			children = (
				137A90FC1CC60D140003FB29 /* XMGMeViewController.h */,
				137A90FD1CC60D140003FB29 /* XMGMeViewController.m */,
				137A912B1CC61EC10003FB29 /* XMGMeViewController.xib */,
			);
			path = controller;
			sourceTree = "<group>";
		};
		137A90FE1CC60D140003FB29 /* model */ = {
			isa = PBXGroup;
			children = (
			);
			path = model;
			sourceTree = "<group>";
		};
		137A90FF1CC60D140003FB29 /* view */ = {
			isa = PBXGroup;
			children = (
			);
			path = view;
			sourceTree = "<group>";
		};
		137A91001CC60D140003FB29 /* X05Center */ = {
			isa = PBXGroup;
			children = (
				137A91011CC60D140003FB29 /* controller */,
				137A91021CC60D140003FB29 /* model */,
				137A91031CC60D140003FB29 /* view */,
			);
			path = X05Center;
			sourceTree = "<group>";
		};
		137A91011CC60D140003FB29 /* controller */ = {
			isa = PBXGroup;
			children = (
				2DFC66E71CF1EEAC0065D2D6 /* XMGPublicCenterController.h */,
				2DFC66E81CF1EEAC0065D2D6 /* XMGPublicCenterController.m */,
				2DFC66E91CF1EEAC0065D2D6 /* XMGPublicCenterController.xib */,
			);
			path = controller;
			sourceTree = "<group>";
		};
		137A91021CC60D140003FB29 /* model */ = {
			isa = PBXGroup;
			children = (
			);
			path = model;
			sourceTree = "<group>";
		};
		137A91031CC60D140003FB29 /* view */ = {
			isa = PBXGroup;
			children = (
			);
			path = view;
			sourceTree = "<group>";
		};
		137A91041CC60D140003FB29 /* X06Other */ = {
			isa = PBXGroup;
			children = (
				2DEF62E51CEF481100484D7A /* DACircularProgress */,
				137A91111CC60D140003FB29 /* myPch.pch */,
				13880F431CC72E95002131AD /* Foundation+Log.m */,
				137A91051CC60D140003FB29 /* controller */,
				137A91101CC60D140003FB29 /* model */,
				137A91121CC60D140003FB29 /* view */,
				2DD29CE91CE708F000B54006 /* XMGConst.h */,
				2DD29CEA1CE708F000B54006 /* XMGConst.m */,
				2D8DB2761CE89878001ED021 /* NSDate+XMGDateShow.h */,
				2D8DB2771CE89878001ED021 /* NSDate+XMGDateShow.m */,
			);
			path = X06Other;
			sourceTree = "<group>";
		};
		137A91051CC60D140003FB29 /* controller */ = {
			isa = PBXGroup;
			children = (
				137A91061CC60D140003FB29 /* UIBarButtonItem+XMGButtonItemTool.h */,
				137A91071CC60D140003FB29 /* UIBarButtonItem+XMGButtonItemTool.m */,
				137A91081CC60D140003FB29 /* UIView+XMGExtension.h */,
				137A91091CC60D140003FB29 /* UIView+XMGExtension.m */,
				137A910A1CC60D140003FB29 /* XMGNavigationController.h */,
				137A910B1CC60D140003FB29 /* XMGNavigationController.m */,
				137A910C1CC60D140003FB29 /* XMGTabBar.h */,
				137A910D1CC60D140003FB29 /* XMGTabBar.m */,
				137A910E1CC60D140003FB29 /* XMGTabBarController.h */,
				137A910F1CC60D140003FB29 /* XMGTabBarController.m */,
			);
			path = controller;
			sourceTree = "<group>";
		};
		137A91101CC60D140003FB29 /* model */ = {
			isa = PBXGroup;
			children = (
			);
			path = model;
			sourceTree = "<group>";
		};
		137A91121CC60D140003FB29 /* view */ = {
			isa = PBXGroup;
			children = (
				135AD01F1CD9B183001B70E6 /* XMGGuideView.h */,
				135AD0201CD9B183001B70E6 /* XMGGuideView.m */,
				135AD0221CD9B19D001B70E6 /* XMGGuideView.xib */,
			);
			path = view;
			sourceTree = "<group>";
		};
		2DEF62E51CEF481100484D7A /* DACircularProgress */ = {
			isa = PBXGroup;
			children = (
				2DEF62E61CEF481100484D7A /* DACircularProgressView.h */,
				2DEF62E71CEF481100484D7A /* DACircularProgressView.m */,
				2DEF62E81CEF481100484D7A /* DALabeledCircularProgressView.h */,
				2DEF62E91CEF481100484D7A /* DALabeledCircularProgressView.m */,
			);
			path = DACircularProgress;
			sourceTree = "<group>";
		};
		433827A6A7BE58702DA502E6 /* Frameworks */ = {
			isa = PBXGroup;
			children = (
				5C88448A9F0DB8E86FF2B211 /* libPods.a */,
			);
			name = Frameworks;
			sourceTree = "<group>";
		};
		8F216B13CA96CA6D845DC636 /* Pods */ = {
			isa = PBXGroup;
			children = (
				F3D7955D1C8AB195920EBAE8 /* Pods.debug.xcconfig */,
				FC987771EABB618D85F0552F /* Pods.release.xcconfig */,
			);
			name = Pods;
			sourceTree = "<group>";
		};
/* End PBXGroup section */

/* Begin PBXNativeTarget section */
		135A2B301CBE8AD600FDA8BD /* XMGProject */ = {
			isa = PBXNativeTarget;
			buildConfigurationList = 135A2B541CBE8AD700FDA8BD /* Build configuration list for PBXNativeTarget "XMGProject" */;
			buildPhases = (
				ABC6E482E3EF12CFAF286DB1 /* Check Pods Manifest.lock */,
				135A2B2D1CBE8AD600FDA8BD /* Sources */,
				135A2B2E1CBE8AD600FDA8BD /* Frameworks */,
				135A2B2F1CBE8AD600FDA8BD /* Resources */,
				5FDDF5D05DD958A7100FCC03 /* Embed Pods Frameworks */,
				F30DDBF95997A140B87EAFAA /* Copy Pods Resources */,
			);
			buildRules = (
			);
			dependencies = (
			);
			name = XMGProject;
			productName = XMGProject;
			productReference = 135A2B311CBE8AD600FDA8BD /* XMGProject.app */;
			productType = "com.apple.product-type.application";
		};
		135A2B491CBE8AD700FDA8BD /* XMGProjectTests */ = {
			isa = PBXNativeTarget;
			buildConfigurationList = 135A2B571CBE8AD700FDA8BD /* Build configuration list for PBXNativeTarget "XMGProjectTests" */;
			buildPhases = (
				135A2B461CBE8AD700FDA8BD /* Sources */,
				135A2B471CBE8AD700FDA8BD /* Frameworks */,
				135A2B481CBE8AD700FDA8BD /* Resources */,
			);
			buildRules = (
			);
			dependencies = (
				135A2B4C1CBE8AD700FDA8BD /* PBXTargetDependency */,
			);
			name = XMGProjectTests;
			productName = XMGProjectTests;
			productReference = 135A2B4A1CBE8AD700FDA8BD /* XMGProjectTests.xctest */;
			productType = "com.apple.product-type.bundle.unit-test";
		};
/* End PBXNativeTarget section */

/* Begin PBXProject section */
		135A2B291CBE8AD600FDA8BD /* Project object */ = {
			isa = PBXProject;
			attributes = {
				CLASSPREFIX = XMG;
				LastUpgradeCheck = 0700;
				ORGANIZATIONNAME = Scuplt0413;
				TargetAttributes = {
					135A2B301CBE8AD600FDA8BD = {
						CreatedOnToolsVersion = 6.0.1;
					};
					135A2B491CBE8AD700FDA8BD = {
						CreatedOnToolsVersion = 6.0.1;
						TestTargetID = 135A2B301CBE8AD600FDA8BD;
					};
				};
			};
			buildConfigurationList = 135A2B2C1CBE8AD600FDA8BD /* Build configuration list for PBXProject "XMGProject" */;
			compatibilityVersion = "Xcode 3.2";
			developmentRegion = English;
			hasScannedForEncodings = 0;
			knownRegions = (
				en,
				Base,
			);
			mainGroup = 135A2B281CBE8AD600FDA8BD;
			productRefGroup = 135A2B321CBE8AD600FDA8BD /* Products */;
			projectDirPath = "";
			projectRoot = "";
			targets = (
				135A2B301CBE8AD600FDA8BD /* XMGProject */,
				135A2B491CBE8AD700FDA8BD /* XMGProjectTests */,
			);
		};
/* End PBXProject section */

/* Begin PBXResourcesBuildPhase section */
		135A2B2F1CBE8AD600FDA8BD /* Resources */ = {
			isa = PBXResourcesBuildPhase;
			buildActionMask = 2147483647;
			files = (
				2DD29CF01CE71FE700B54006 /* XMGTopicCell.xib in Resources */,
				2DCC442D1CD764FB00109755 /* XMGLoginResgisterViewController.xib in Resources */,
				135AD0231CD9B19D001B70E6 /* XMGGuideView.xib in Resources */,
				2DFC66EB1CF1EEAC0065D2D6 /* XMGPublicCenterController.xib in Resources */,
				13926B541CC889F100B2BA0B /* XMGRecommondUserCell.xib in Resources */,
				2D0A84C91CEE06C1005D8D7F /* XMGTopicCellTexture.xib in Resources */,
				134518721CC7247100EB8587 /* XMGRecommendViewController.xib in Resources */,
				135AF2BA1CC77BC1009D0476 /* XMGRecommendCategoryCell.xib in Resources */,
				135A2B421CBE8AD600FDA8BD /* Images.xcassets in Resources */,
				13BA411E1CCB30DD008EF7C9 /* XMGRecommendAttentionCell.xib in Resources */,
				2D80F44E1CF0B4DC00FA84DE /* XMGTexureShowAllViewController.xib in Resources */,
				137A912A1CC610960003FB29 /* XMGFriendTrendsViewController.xib in Resources */,
				137A912C1CC61EC10003FB29 /* XMGMeViewController.xib in Resources */,
			);
			runOnlyForDeploymentPostprocessing = 0;
		};
		135A2B481CBE8AD700FDA8BD /* Resources */ = {
			isa = PBXResourcesBuildPhase;
			buildActionMask = 2147483647;
			files = (
			);
			runOnlyForDeploymentPostprocessing = 0;
		};
/* End PBXResourcesBuildPhase section */

/* Begin PBXShellScriptBuildPhase section */
		5FDDF5D05DD958A7100FCC03 /* Embed Pods Frameworks */ = {
			isa = PBXShellScriptBuildPhase;
			buildActionMask = 2147483647;
			files = (
			);
			inputPaths = (
			);
			name = "Embed Pods Frameworks";
			outputPaths = (
			);
			runOnlyForDeploymentPostprocessing = 0;
			shellPath = /bin/sh;
			shellScript = "\"${SRCROOT}/Pods/Target Support Files/Pods/Pods-frameworks.sh\"\n";
			showEnvVarsInLog = 0;
		};
		ABC6E482E3EF12CFAF286DB1 /* Check Pods Manifest.lock */ = {
			isa = PBXShellScriptBuildPhase;
			buildActionMask = 2147483647;
			files = (
			);
			inputPaths = (
			);
			name = "Check Pods Manifest.lock";
			outputPaths = (
			);
			runOnlyForDeploymentPostprocessing = 0;
			shellPath = /bin/sh;
			shellScript = "diff \"${PODS_ROOT}/../Podfile.lock\" \"${PODS_ROOT}/Manifest.lock\" > /dev/null\nif [[ $? != 0 ]] ; then\n    cat << EOM\nerror: The sandbox is not in sync with the Podfile.lock. Run 'pod install' or update your CocoaPods installation.\nEOM\n    exit 1\nfi\n";
			showEnvVarsInLog = 0;
		};
		F30DDBF95997A140B87EAFAA /* Copy Pods Resources */ = {
			isa = PBXShellScriptBuildPhase;
			buildActionMask = 2147483647;
			files = (
			);
			inputPaths = (
			);
			name = "Copy Pods Resources";
			outputPaths = (
			);
			runOnlyForDeploymentPostprocessing = 0;
			shellPath = /bin/sh;
			shellScript = "\"${SRCROOT}/Pods/Target Support Files/Pods/Pods-resources.sh\"\n";
			showEnvVarsInLog = 0;
		};
/* End PBXShellScriptBuildPhase section */

/* Begin PBXSourcesBuildPhase section */
		135A2B2D1CBE8AD600FDA8BD /* Sources */ = {
			isa = PBXSourcesBuildPhase;
			buildActionMask = 2147483647;
			files = (
				13BA41131CCB2DA6008EF7C9 /* XMGRecommendAttentionTableViewController.m in Sources */,
				135AD0211CD9B183001B70E6 /* XMGGuideView.m in Sources */,
				134518711CC7247100EB8587 /* XMGRecommendViewController.m in Sources */,
				13880F441CC72E95002131AD /* Foundation+Log.m in Sources */,
				137A911D1CC60D140003FB29 /* XMGTabBarController.m in Sources */,
				137A911C1CC60D140003FB29 /* XMGTabBar.m in Sources */,
				2D21EE791CD8DA960099EB0A /* XMGHighPlaceholder.m in Sources */,
				137A91151CC60D140003FB29 /* XMGEssenceViewController.m in Sources */,
				13880F471CC767F2002131AD /* XMGRecommondCategoryModel.m in Sources */,
				13926B4F1CC8896600B2BA0B /* XMGRecommondUserModel.m in Sources */,
				137A91171CC60D140003FB29 /* XMGNewViewController.m in Sources */,
				2D834EDD1CDF725B00674593 /* XMGTopicModel.m in Sources */,
				2DDF7B051CEA198B00457D59 /* XMGTopicBaseController.m in Sources */,
				137A91161CC60D140003FB29 /* XMGFriendTrendsViewController.m in Sources */,
				2DCC442C1CD764FB00109755 /* XMGLoginResgisterViewController.m in Sources */,
				137A911B1CC60D140003FB29 /* XMGNavigationController.m in Sources */,
				2DEF62EB1CEF481100484D7A /* DALabeledCircularProgressView.m in Sources */,
				135AF2B91CC77BC1009D0476 /* XMGRecommendCategoryCell.m in Sources */,
				2DFC66EA1CF1EEAC0065D2D6 /* XMGPublicCenterController.m in Sources */,
				137A91181CC60D140003FB29 /* XMGMeViewController.m in Sources */,
				2D8DB2781CE89878001ED021 /* NSDate+XMGDateShow.m in Sources */,
				13926B531CC889F100B2BA0B /* XMGRecommondUserCell.m in Sources */,
				135A2B3A1CBE8AD600FDA8BD /* AppDelegate.m in Sources */,
				2DD29CEB1CE708F000B54006 /* XMGConst.m in Sources */,
				2DD29CEF1CE71FE700B54006 /* XMGTopicCell.m in Sources */,
				2DCC44301CD79E7E00109755 /* XMGVerticalButton.m in Sources */,
				137A911A1CC60D140003FB29 /* UIView+XMGExtension.m in Sources */,
				2D80F44D1CF0B4DC00FA84DE /* XMGTexureShowAllViewController.m in Sources */,
				13BA41161CCB3036008EF7C9 /* XMGRecommendAttentionModel.m in Sources */,
				2D0A84C71CEE06A6005D8D7F /* XMGTopicCellTexture.m in Sources */,
				13BA411D1CCB30DD008EF7C9 /* XMGRecommendAttentionCell.m in Sources */,
				2DEF62EA1CEF481100484D7A /* DACircularProgressView.m in Sources */,
				137A91191CC60D140003FB29 /* UIBarButtonItem+XMGButtonItemTool.m in Sources */,
				135A2B371CBE8AD600FDA8BD /* main.m in Sources */,
			);
			runOnlyForDeploymentPostprocessing = 0;
		};
		135A2B461CBE8AD700FDA8BD /* Sources */ = {
			isa = PBXSourcesBuildPhase;
			buildActionMask = 2147483647;
			files = (
				135A2B511CBE8AD700FDA8BD /* XMGProjectTests.m in Sources */,
			);
			runOnlyForDeploymentPostprocessing = 0;
		};
/* End PBXSourcesBuildPhase section */

/* Begin PBXTargetDependency section */
		135A2B4C1CBE8AD700FDA8BD /* PBXTargetDependency */ = {
			isa = PBXTargetDependency;
			target = 135A2B301CBE8AD600FDA8BD /* XMGProject */;
			targetProxy = 135A2B4B1CBE8AD700FDA8BD /* PBXContainerItemProxy */;
		};
/* End PBXTargetDependency section */

/* Begin XCBuildConfiguration section */
		135A2B521CBE8AD700FDA8BD /* Debug */ = {
			isa = XCBuildConfiguration;
			buildSettings = {
				ALWAYS_SEARCH_USER_PATHS = NO;
				CLANG_CXX_LANGUAGE_STANDARD = "gnu++0x";
				CLANG_CXX_LIBRARY = "libc++";
				CLANG_ENABLE_MODULES = YES;
				CLANG_ENABLE_OBJC_ARC = YES;
				CLANG_WARN_BOOL_CONVERSION = YES;
				CLANG_WARN_CONSTANT_CONVERSION = YES;
				CLANG_WARN_DIRECT_OBJC_ISA_USAGE = YES_ERROR;
				CLANG_WARN_EMPTY_BODY = YES;
				CLANG_WARN_ENUM_CONVERSION = YES;
				CLANG_WARN_INT_CONVERSION = YES;
				CLANG_WARN_OBJC_ROOT_CLASS = YES_ERROR;
				CLANG_WARN_UNREACHABLE_CODE = YES;
				CLANG_WARN__DUPLICATE_METHOD_MATCH = YES;
				"CODE_SIGN_IDENTITY[sdk=iphoneos*]" = "iPhone Developer";
				COPY_PHASE_STRIP = NO;
				ENABLE_STRICT_OBJC_MSGSEND = YES;
				ENABLE_TESTABILITY = YES;
				GCC_C_LANGUAGE_STANDARD = gnu99;
				GCC_DYNAMIC_NO_PIC = NO;
				GCC_OPTIMIZATION_LEVEL = 0;
				GCC_PREFIX_HEADER = XMGProject/Scripts/X06Other/myPch.pch;
				GCC_PREPROCESSOR_DEFINITIONS = (
					"DEBUG=1",
					"$(inherited)",
				);
				GCC_SYMBOLS_PRIVATE_EXTERN = NO;
				GCC_WARN_64_TO_32_BIT_CONVERSION = YES;
				GCC_WARN_ABOUT_RETURN_TYPE = YES_ERROR;
				GCC_WARN_UNDECLARED_SELECTOR = YES;
				GCC_WARN_UNINITIALIZED_AUTOS = YES_AGGRESSIVE;
				GCC_WARN_UNUSED_FUNCTION = YES;
				GCC_WARN_UNUSED_VARIABLE = YES;
				IPHONEOS_DEPLOYMENT_TARGET = 9.0;
				MTL_ENABLE_DEBUG_INFO = YES;
				ONLY_ACTIVE_ARCH = YES;
				SDKROOT = iphoneos;
			};
			name = Debug;
		};
		135A2B531CBE8AD700FDA8BD /* Release */ = {
			isa = XCBuildConfiguration;
			buildSettings = {
				ALWAYS_SEARCH_USER_PATHS = NO;
				CLANG_CXX_LANGUAGE_STANDARD = "gnu++0x";
				CLANG_CXX_LIBRARY = "libc++";
				CLANG_ENABLE_MODULES = YES;
				CLANG_ENABLE_OBJC_ARC = YES;
				CLANG_WARN_BOOL_CONVERSION = YES;
				CLANG_WARN_CONSTANT_CONVERSION = YES;
				CLANG_WARN_DIRECT_OBJC_ISA_USAGE = YES_ERROR;
				CLANG_WARN_EMPTY_BODY = YES;
				CLANG_WARN_ENUM_CONVERSION = YES;
				CLANG_WARN_INT_CONVERSION = YES;
				CLANG_WARN_OBJC_ROOT_CLASS = YES_ERROR;
				CLANG_WARN_UNREACHABLE_CODE = YES;
				CLANG_WARN__DUPLICATE_METHOD_MATCH = YES;
				"CODE_SIGN_IDENTITY[sdk=iphoneos*]" = "iPhone Developer";
				COPY_PHASE_STRIP = YES;
				ENABLE_NS_ASSERTIONS = NO;
				ENABLE_STRICT_OBJC_MSGSEND = YES;
				GCC_C_LANGUAGE_STANDARD = gnu99;
				GCC_PREFIX_HEADER = XMGProject/Scripts/X06Other/myPch.pch;
				GCC_WARN_64_TO_32_BIT_CONVERSION = YES;
				GCC_WARN_ABOUT_RETURN_TYPE = YES_ERROR;
				GCC_WARN_UNDECLARED_SELECTOR = YES;
				GCC_WARN_UNINITIALIZED_AUTOS = YES_AGGRESSIVE;
				GCC_WARN_UNUSED_FUNCTION = YES;
				GCC_WARN_UNUSED_VARIABLE = YES;
				IPHONEOS_DEPLOYMENT_TARGET = 9.0;
				MTL_ENABLE_DEBUG_INFO = NO;
				SDKROOT = iphoneos;
				VALIDATE_PRODUCT = YES;
			};
			name = Release;
		};
		135A2B551CBE8AD700FDA8BD /* Debug */ = {
			isa = XCBuildConfiguration;
			baseConfigurationReference = F3D7955D1C8AB195920EBAE8 /* Pods.debug.xcconfig */;
			buildSettings = {
				ASSETCATALOG_COMPILER_APPICON_NAME = AppIcon;
				ASSETCATALOG_COMPILER_LAUNCHIMAGE_NAME = LaunchImage;
				GCC_PREFIX_HEADER = "$(SRCROOT)/XMGProject/Scripts/X06Other/myPch.pch";
				INFOPLIST_FILE = XMGProject/Info.plist;
				IPHONEOS_DEPLOYMENT_TARGET = 9.0;
				LD_RUNPATH_SEARCH_PATHS = "$(inherited) @executable_path/Frameworks";
				PRODUCT_BUNDLE_IDENTIFIER = "Scuplt0413.$(PRODUCT_NAME:rfc1034identifier)";
				PRODUCT_NAME = "$(TARGET_NAME)";
			};
			name = Debug;
		};
		135A2B561CBE8AD700FDA8BD /* Release */ = {
			isa = XCBuildConfiguration;
			baseConfigurationReference = FC987771EABB618D85F0552F /* Pods.release.xcconfig */;
			buildSettings = {
				ASSETCATALOG_COMPILER_APPICON_NAME = AppIcon;
				ASSETCATALOG_COMPILER_LAUNCHIMAGE_NAME = LaunchImage;
				GCC_PREFIX_HEADER = "$(SRCROOT)/XMGProject/Scripts/X06Other/myPch.pch";
				INFOPLIST_FILE = XMGProject/Info.plist;
				IPHONEOS_DEPLOYMENT_TARGET = 9.0;
				LD_RUNPATH_SEARCH_PATHS = "$(inherited) @executable_path/Frameworks";
				PRODUCT_BUNDLE_IDENTIFIER = "Scuplt0413.$(PRODUCT_NAME:rfc1034identifier)";
				PRODUCT_NAME = "$(TARGET_NAME)";
			};
			name = Release;
		};
		135A2B581CBE8AD700FDA8BD /* Debug */ = {
			isa = XCBuildConfiguration;
			buildSettings = {
				BUNDLE_LOADER = "$(TEST_HOST)";
				FRAMEWORK_SEARCH_PATHS = (
					"$(SDKROOT)/Developer/Library/Frameworks",
					"$(inherited)",
				);
				GCC_PREPROCESSOR_DEFINITIONS = (
					"DEBUG=1",
					"$(inherited)",
				);
				INFOPLIST_FILE = XMGProjectTests/Info.plist;
				LD_RUNPATH_SEARCH_PATHS = "$(inherited) @executable_path/Frameworks @loader_path/Frameworks";
				PRODUCT_BUNDLE_IDENTIFIER = "Scuplt0413.$(PRODUCT_NAME:rfc1034identifier)";
				PRODUCT_NAME = "$(TARGET_NAME)";
				TEST_HOST = "$(BUILT_PRODUCTS_DIR)/XMGProject.app/XMGProject";
			};
			name = Debug;
		};
		135A2B591CBE8AD700FDA8BD /* Release */ = {
			isa = XCBuildConfiguration;
			buildSettings = {
				BUNDLE_LOADER = "$(TEST_HOST)";
				FRAMEWORK_SEARCH_PATHS = (
					"$(SDKROOT)/Developer/Library/Frameworks",
					"$(inherited)",
				);
				INFOPLIST_FILE = XMGProjectTests/Info.plist;
				LD_RUNPATH_SEARCH_PATHS = "$(inherited) @executable_path/Frameworks @loader_path/Frameworks";
				PRODUCT_BUNDLE_IDENTIFIER = "Scuplt0413.$(PRODUCT_NAME:rfc1034identifier)";
				PRODUCT_NAME = "$(TARGET_NAME)";
				TEST_HOST = "$(BUILT_PRODUCTS_DIR)/XMGProject.app/XMGProject";
			};
			name = Release;
		};
/* End XCBuildConfiguration section */

/* Begin XCConfigurationList section */
		135A2B2C1CBE8AD600FDA8BD /* Build configuration list for PBXProject "XMGProject" */ = {
			isa = XCConfigurationList;
			buildConfigurations = (
				135A2B521CBE8AD700FDA8BD /* Debug */,
				135A2B531CBE8AD700FDA8BD /* Release */,
			);
			defaultConfigurationIsVisible = 0;
			defaultConfigurationName = Release;
		};
		135A2B541CBE8AD700FDA8BD /* Build configuration list for PBXNativeTarget "XMGProject" */ = {
			isa = XCConfigurationList;
			buildConfigurations = (
				135A2B551CBE8AD700FDA8BD /* Debug */,
				135A2B561CBE8AD700FDA8BD /* Release */,
			);
			defaultConfigurationIsVisible = 0;
			defaultConfigurationName = Release;
		};
		135A2B571CBE8AD700FDA8BD /* Build configuration list for PBXNativeTarget "XMGProjectTests" */ = {
			isa = XCConfigurationList;
			buildConfigurations = (
				135A2B581CBE8AD700FDA8BD /* Debug */,
				135A2B591CBE8AD700FDA8BD /* Release */,
			);
			defaultConfigurationIsVisible = 0;
			defaultConfigurationName = Release;
		};
/* End XCConfigurationList section */
	};
	rootObject = 135A2B291CBE8AD600FDA8BD /* Project object */;
}
